Microsoft Visual Studio Solution File, Format Version 12.00
# Visual Studio Version 17
VisualStudioVersion = 17.0.31903.59
MinimumVisualStudioVersion = 10.0.40219.1
Project("{FAE04EC0-301F-11D3-BF4B-00C04F79EFBC}") = "OboSqlServer.Api", "src\api\OboSqlServer.Api.csproj", "{6C16B07A-5C37-4B44-98F3-CE74C40C9451}"
EndProject
Project("{FAE04EC0-301F-11D3-BF4B-00C04F79EFBC}") = "OboSqlServer.Api.Tests", "src\api.Tests\OboSqlServer.Api.Tests.csproj", "{BA62C86B-6F4E-4D42-8E5E-201497283018}"
EndProject
Global
	GlobalSection(SolutionConfigurationPlatforms) = preSolution
		Debug|Any CPU = Debug|Any CPU
		Release|Any CPU = Release|Any CPU
	EndGlobalSection
	GlobalSection(ProjectConfigurationPlatforms) = postSolution
		{6C16B07A-5C37-4B44-98F3-CE74C40C9451}.Debug|Any CPU.ActiveCfg = Debug|Any CPU
		{6C16B07A-5C37-4B44-98F3-CE74C40C9451}.Debug|Any CPU.Build.0 = Debug|Any CPU
		{6C16B07A-5C37-4B44-98F3-CE74C40C9451}.Release|Any CPU.ActiveCfg = Release|Any CPU
		{6C16B07A-5C37-4B44-98F3-CE74C40C9451}.Release|Any CPU.Build.0 = Release|Any CPU
		{BA62C86B-6F4E-4D42-8E5E-201497283018}.Debug|Any CPU.ActiveCfg = Debug|Any CPU
		{BA62C86B-6F4E-4D42-8E5E-201497283018}.Debug|Any CPU.Build.0 = Debug|Any CPU
		{BA62C86B-6F4E-4D42-8E5E-201497283018}.Release|Any CPU.ActiveCfg = Release|Any CPU
		{BA62C86B-6F4E-4D42-8E5E-201497283018}.Release|Any CPU.Build.0 = Release|Any CPU
	EndGlobalSection
	GlobalSection(SolutionProperties) = preSolution
		HideSolutionNode = FALSE
	EndGlobalSection
EndGlobal

