
Microsoft Visual Studio Solution File, Format Version 12.00
# Visual Studio Version 17
VisualStudioVersion = 17.0.31903.59
MinimumVisualStudioVersion = 10.0.40219.1
Project("{FAE04EC0-301F-11D3-BF4B-00C04F79EFBC}") = "OboSqlServer.Api", "src\api\OboSqlServer.Api.csproj", "{6C16B07A-5C37-4B44-98F3-CE74C40C9451}"
EndProject
Project("{FAE04EC0-301F-11D3-BF4B-00C04F79EFBC}") = "OboSqlServer.Api.Tests", "src\api.Tests\OboSqlServer.Api.Tests.csproj", "{BA62C86B-6F4E-4D42-8E5E-201497283018}"
EndProject
Project("{2150E333-8FDC-42A3-9474-1A3956D46DE8}") = "src", "src", "{827E0CD3-B72D-47B6-A68D-7590B98EB39B}"
EndProject
Project("{2150E333-8FDC-42A3-9474-1A3956D46DE8}") = "bff", "bff", "{B5512AA7-7B9B-1802-74DB-5DED17EB80F5}"
EndProject
Project("{FAE04EC0-301F-11D3-BF4B-00C04F79EFBC}") = "OboSqlServer.Bff", "src\bff\OboSqlServer.Bff.csproj", "{7BEEB817-3A21-4ACB-B6AE-BFF41F38E96A}"
EndProject
Project("{2150E333-8FDC-42A3-9474-1A3956D46DE8}") = "bff.Tests", "bff.Tests", "{F74243CC-8BB1-AEE5-6325-5C1174B917C5}"
EndProject
Project("{FAE04EC0-301F-11D3-BF4B-00C04F79EFBC}") = "OboSqlServer.Bff.Tests", "src\bff.Tests\OboSqlServer.Bff.Tests.csproj", "{B6FC30CB-D2F3-4224-A4DD-DE7CA18E1E46}"
EndProject
Project("{2150E333-8FDC-42A3-9474-1A3956D46DE8}") = "operations", "operations", "{A2777825-36DE-5109-EDC8-870F1C0E3DA6}"
EndProject
Project("{FAE04EC0-301F-11D3-BF4B-00C04F79EFBC}") = "OboSqlServer.Operations", "src\operations\OboSqlServer.Operations.csproj", "{FEAE4343-BE20-439B-88E9-15643FBED362}"
EndProject
Project("{2150E333-8FDC-42A3-9474-1A3956D46DE8}") = "operations.Tests", "operations.Tests", "{90DA95EF-7A24-53EA-2FDA-36C0EB17602D}"
EndProject
Project("{FAE04EC0-301F-11D3-BF4B-00C04F79EFBC}") = "OboSqlServer.Operations.Tests", "src\operations.Tests\OboSqlServer.Operations.Tests.csproj", "{6817E60F-F959-4E59-9625-54FBD3495C46}"
EndProject
Global
	GlobalSection(SolutionConfigurationPlatforms) = preSolution
		Debug|Any CPU = Debug|Any CPU
		Debug|x64 = Debug|x64
		Debug|x86 = Debug|x86
		Release|Any CPU = Release|Any CPU
		Release|x64 = Release|x64
		Release|x86 = Release|x86
	EndGlobalSection
	GlobalSection(ProjectConfigurationPlatforms) = postSolution
		{6C16B07A-5C37-4B44-98F3-CE74C40C9451}.Debug|Any CPU.ActiveCfg = Debug|Any CPU
		{6C16B07A-5C37-4B44-98F3-CE74C40C9451}.Debug|Any CPU.Build.0 = Debug|Any CPU
		{6C16B07A-5C37-4B44-98F3-CE74C40C9451}.Debug|x64.ActiveCfg = Debug|Any CPU
		{6C16B07A-5C37-4B44-98F3-CE74C40C9451}.Debug|x64.Build.0 = Debug|Any CPU
		{6C16B07A-5C37-4B44-98F3-CE74C40C9451}.Debug|x86.ActiveCfg = Debug|Any CPU
		{6C16B07A-5C37-4B44-98F3-CE74C40C9451}.Debug|x86.Build.0 = Debug|Any CPU
		{6C16B07A-5C37-4B44-98F3-CE74C40C9451}.Release|Any CPU.ActiveCfg = Release|Any CPU
		{6C16B07A-5C37-4B44-98F3-CE74C40C9451}.Release|Any CPU.Build.0 = Release|Any CPU
		{6C16B07A-5C37-4B44-98F3-CE74C40C9451}.Release|x64.ActiveCfg = Release|Any CPU
		{6C16B07A-5C37-4B44-98F3-CE74C40C9451}.Release|x64.Build.0 = Release|Any CPU
		{6C16B07A-5C37-4B44-98F3-CE74C40C9451}.Release|x86.ActiveCfg = Release|Any CPU
		{6C16B07A-5C37-4B44-98F3-CE74C40C9451}.Release|x86.Build.0 = Release|Any CPU
		{BA62C86B-6F4E-4D42-8E5E-201497283018}.Debug|Any CPU.ActiveCfg = Debug|Any CPU
		{BA62C86B-6F4E-4D42-8E5E-201497283018}.Debug|Any CPU.Build.0 = Debug|Any CPU
		{BA62C86B-6F4E-4D42-8E5E-201497283018}.Debug|x64.ActiveCfg = Debug|Any CPU
		{BA62C86B-6F4E-4D42-8E5E-201497283018}.Debug|x64.Build.0 = Debug|Any CPU
		{BA62C86B-6F4E-4D42-8E5E-201497283018}.Debug|x86.ActiveCfg = Debug|Any CPU
		{BA62C86B-6F4E-4D42-8E5E-201497283018}.Debug|x86.Build.0 = Debug|Any CPU
		{BA62C86B-6F4E-4D42-8E5E-201497283018}.Release|Any CPU.ActiveCfg = Release|Any CPU
		{BA62C86B-6F4E-4D42-8E5E-201497283018}.Release|Any CPU.Build.0 = Release|Any CPU
		{BA62C86B-6F4E-4D42-8E5E-201497283018}.Release|x64.ActiveCfg = Release|Any CPU
		{BA62C86B-6F4E-4D42-8E5E-201497283018}.Release|x64.Build.0 = Release|Any CPU
		{BA62C86B-6F4E-4D42-8E5E-201497283018}.Release|x86.ActiveCfg = Release|Any CPU
		{BA62C86B-6F4E-4D42-8E5E-201497283018}.Release|x86.Build.0 = Release|Any CPU
		{7BEEB817-3A21-4ACB-B6AE-BFF41F38E96A}.Debug|Any CPU.ActiveCfg = Debug|Any CPU
		{7BEEB817-3A21-4ACB-B6AE-BFF41F38E96A}.Debug|Any CPU.Build.0 = Debug|Any CPU
		{7BEEB817-3A21-4ACB-B6AE-BFF41F38E96A}.Debug|x64.ActiveCfg = Debug|Any CPU
		{7BEEB817-3A21-4ACB-B6AE-BFF41F38E96A}.Debug|x64.Build.0 = Debug|Any CPU
		{7BEEB817-3A21-4ACB-B6AE-BFF41F38E96A}.Debug|x86.ActiveCfg = Debug|Any CPU
		{7BEEB817-3A21-4ACB-B6AE-BFF41F38E96A}.Debug|x86.Build.0 = Debug|Any CPU
		{7BEEB817-3A21-4ACB-B6AE-BFF41F38E96A}.Release|Any CPU.ActiveCfg = Release|Any CPU
		{7BEEB817-3A21-4ACB-B6AE-BFF41F38E96A}.Release|Any CPU.Build.0 = Release|Any CPU
		{7BEEB817-3A21-4ACB-B6AE-BFF41F38E96A}.Release|x64.ActiveCfg = Release|Any CPU
		{7BEEB817-3A21-4ACB-B6AE-BFF41F38E96A}.Release|x64.Build.0 = Release|Any CPU
		{7BEEB817-3A21-4ACB-B6AE-BFF41F38E96A}.Release|x86.ActiveCfg = Release|Any CPU
		{7BEEB817-3A21-4ACB-B6AE-BFF41F38E96A}.Release|x86.Build.0 = Release|Any CPU
		{B6FC30CB-D2F3-4224-A4DD-DE7CA18E1E46}.Debug|Any CPU.ActiveCfg = Debug|Any CPU
		{B6FC30CB-D2F3-4224-A4DD-DE7CA18E1E46}.Debug|Any CPU.Build.0 = Debug|Any CPU
		{B6FC30CB-D2F3-4224-A4DD-DE7CA18E1E46}.Debug|x64.ActiveCfg = Debug|Any CPU
		{B6FC30CB-D2F3-4224-A4DD-DE7CA18E1E46}.Debug|x64.Build.0 = Debug|Any CPU
		{B6FC30CB-D2F3-4224-A4DD-DE7CA18E1E46}.Debug|x86.ActiveCfg = Debug|Any CPU
		{B6FC30CB-D2F3-4224-A4DD-DE7CA18E1E46}.Debug|x86.Build.0 = Debug|Any CPU
		{B6FC30CB-D2F3-4224-A4DD-DE7CA18E1E46}.Release|Any CPU.ActiveCfg = Release|Any CPU
		{B6FC30CB-D2F3-4224-A4DD-DE7CA18E1E46}.Release|Any CPU.Build.0 = Release|Any CPU
		{B6FC30CB-D2F3-4224-A4DD-DE7CA18E1E46}.Release|x64.ActiveCfg = Release|Any CPU
		{B6FC30CB-D2F3-4224-A4DD-DE7CA18E1E46}.Release|x64.Build.0 = Release|Any CPU
		{B6FC30CB-D2F3-4224-A4DD-DE7CA18E1E46}.Release|x86.ActiveCfg = Release|Any CPU
		{B6FC30CB-D2F3-4224-A4DD-DE7CA18E1E46}.Release|x86.Build.0 = Release|Any CPU
		{FEAE4343-BE20-439B-88E9-15643FBED362}.Debug|Any CPU.ActiveCfg = Debug|Any CPU
		{FEAE4343-BE20-439B-88E9-15643FBED362}.Debug|Any CPU.Build.0 = Debug|Any CPU
		{FEAE4343-BE20-439B-88E9-15643FBED362}.Debug|x64.ActiveCfg = Debug|Any CPU
		{FEAE4343-BE20-439B-88E9-15643FBED362}.Debug|x64.Build.0 = Debug|Any CPU
		{FEAE4343-BE20-439B-88E9-15643FBED362}.Debug|x86.ActiveCfg = Debug|Any CPU
		{FEAE4343-BE20-439B-88E9-15643FBED362}.Debug|x86.Build.0 = Debug|Any CPU
		{FEAE4343-BE20-439B-88E9-15643FBED362}.Release|Any CPU.ActiveCfg = Release|Any CPU
		{FEAE4343-BE20-439B-88E9-15643FBED362}.Release|Any CPU.Build.0 = Release|Any CPU
		{FEAE4343-BE20-439B-88E9-15643FBED362}.Release|x64.ActiveCfg = Release|Any CPU
		{FEAE4343-BE20-439B-88E9-15643FBED362}.Release|x64.Build.0 = Release|Any CPU
		{FEAE4343-BE20-439B-88E9-15643FBED362}.Release|x86.ActiveCfg = Release|Any CPU
		{FEAE4343-BE20-439B-88E9-15643FBED362}.Release|x86.Build.0 = Release|Any CPU
		{6817E60F-F959-4E59-9625-54FBD3495C46}.Debug|Any CPU.ActiveCfg = Debug|Any CPU
		{6817E60F-F959-4E59-9625-54FBD3495C46}.Debug|Any CPU.Build.0 = Debug|Any CPU
		{6817E60F-F959-4E59-9625-54FBD3495C46}.Debug|x64.ActiveCfg = Debug|Any CPU
		{6817E60F-F959-4E59-9625-54FBD3495C46}.Debug|x64.Build.0 = Debug|Any CPU
		{6817E60F-F959-4E59-9625-54FBD3495C46}.Debug|x86.ActiveCfg = Debug|Any CPU
		{6817E60F-F959-4E59-9625-54FBD3495C46}.Debug|x86.Build.0 = Debug|Any CPU
		{6817E60F-F959-4E59-9625-54FBD3495C46}.Release|Any CPU.ActiveCfg = Release|Any CPU
		{6817E60F-F959-4E59-9625-54FBD3495C46}.Release|Any CPU.Build.0 = Release|Any CPU
		{6817E60F-F959-4E59-9625-54FBD3495C46}.Release|x64.ActiveCfg = Release|Any CPU
		{6817E60F-F959-4E59-9625-54FBD3495C46}.Release|x64.Build.0 = Release|Any CPU
		{6817E60F-F959-4E59-9625-54FBD3495C46}.Release|x86.ActiveCfg = Release|Any CPU
		{6817E60F-F959-4E59-9625-54FBD3495C46}.Release|x86.Build.0 = Release|Any CPU
	EndGlobalSection
	GlobalSection(SolutionProperties) = preSolution
		HideSolutionNode = FALSE
	EndGlobalSection
	GlobalSection(NestedProjects) = preSolution
		{B5512AA7-7B9B-1802-74DB-5DED17EB80F5} = {827E0CD3-B72D-47B6-A68D-7590B98EB39B}
		{7BEEB817-3A21-4ACB-B6AE-BFF41F38E96A} = {B5512AA7-7B9B-1802-74DB-5DED17EB80F5}
		{F74243CC-8BB1-AEE5-6325-5C1174B917C5} = {827E0CD3-B72D-47B6-A68D-7590B98EB39B}
		{B6FC30CB-D2F3-4224-A4DD-DE7CA18E1E46} = {F74243CC-8BB1-AEE5-6325-5C1174B917C5}
		{A2777825-36DE-5109-EDC8-870F1C0E3DA6} = {827E0CD3-B72D-47B6-A68D-7590B98EB39B}
		{FEAE4343-BE20-439B-88E9-15643FBED362} = {A2777825-36DE-5109-EDC8-870F1C0E3DA6}
		{90DA95EF-7A24-53EA-2FDA-36C0EB17602D} = {827E0CD3-B72D-47B6-A68D-7590B98EB39B}
		{6817E60F-F959-4E59-9625-54FBD3495C46} = {90DA95EF-7A24-53EA-2FDA-36C0EB17602D}
	EndGlobalSection
EndGlobal
